
Microsoft Visual Studio Solution File, Format Version 12.00
Project("{FAE04EC0-301F-11D3-BF4B-00C04F79EFBC}") = "TinyStudio", "TinyStudio\TinyStudio.csproj", "{BADF1C33-CAB7-4A34-96C8-8B07FC9927C1}"
EndProject
Project("{FAE04EC0-301F-11D3-BF4B-00C04F79EFBC}") = "UnityAsset.NET", "UnityAsset.NET\UnityAsset.NET\UnityAsset.NET.csproj", "{23EAB836-5277-4B22-8246-8F069255827E}"
EndProject
Project("{FAE04EC0-301F-11D3-BF4B-00C04F79EFBC}") = "UnityAsset.NET.TypeTreeHelper", "UnityAsset.NET\UnityAsset.NET.TypeTreeHelper\UnityAsset.NET.TypeTreeHelper.csproj", "{BC577F5E-40A6-456C-A6FD-F3D56E26D1A1}"
EndProject
Global
	GlobalSection(SolutionConfigurationPlatforms) = preSolution
		Debug|Any CPU = Debug|Any CPU
		Release|Any CPU = Release|Any CPU
	EndGlobalSection
	GlobalSection(ProjectConfigurationPlatforms) = postSolution
		{BADF1C33-CAB7-4A34-96C8-8B07FC9927C1}.Debug|Any CPU.ActiveCfg = Debug|Any CPU
		{BADF1C33-CAB7-4A34-96C8-8B07FC9927C1}.Debug|Any CPU.Build.0 = Debug|Any CPU
		{BADF1C33-CAB7-4A34-96C8-8B07FC9927C1}.Release|Any CPU.ActiveCfg = Release|Any CPU
		{BADF1C33-CAB7-4A34-96C8-8B07FC9927C1}.Release|Any CPU.Build.0 = Release|Any CPU
		{23EAB836-5277-4B22-8246-8F069255827E}.Debug|Any CPU.ActiveCfg = Debug|Any CPU
		{23EAB836-5277-4B22-8246-8F069255827E}.Debug|Any CPU.Build.0 = Debug|Any CPU
		{23EAB836-5277-4B22-8246-8F069255827E}.Release|Any CPU.ActiveCfg = Release|Any CPU
		{23EAB836-5277-4B22-8246-8F069255827E}.Release|Any CPU.Build.0 = Release|Any CPU
		{BC577F5E-40A6-456C-A6FD-F3D56E26D1A1}.Debug|Any CPU.ActiveCfg = Debug|Any CPU
		{BC577F5E-40A6-456C-A6FD-F3D56E26D1A1}.Debug|Any CPU.Build.0 = Debug|Any CPU
		{BC577F5E-40A6-456C-A6FD-F3D56E26D1A1}.Release|Any CPU.ActiveCfg = Release|Any CPU
		{BC577F5E-40A6-456C-A6FD-F3D56E26D1A1}.Release|Any CPU.Build.0 = Release|Any CPU
	EndGlobalSection
EndGlobal
